
Microsoft Visual Studio Solution File, Format Version 12.00
# Visual Studio Version 17
VisualStudioVersion = 17.8.34316.72
MinimumVisualStudioVersion = 10.0.40219.1
Project("{FAE04EC0-301F-11D3-BF4B-00C04F79EFBC}") = "StrategyPattern", "StrategyPattern\StrategyPattern.csproj", "{237A6C94-3593-4025-B39D-3846085A579D}"
EndProject
Project("{FAE04EC0-301F-11D3-BF4B-00C04F79EFBC}") = "StrategyPatternDI", "StrategyPatternDI\StrategyPatternDI.csproj", "{520C0486-A09E-4593-81DF-DF407B9A0CD1}"
EndProject
Global
	GlobalSection(SolutionConfigurationPlatforms) = preSolution
		Debug|Any CPU = Debug|Any CPU
		Release|Any CPU = Release|Any CPU
	EndGlobalSection
	GlobalSection(ProjectConfigurationPlatforms) = postSolution
		{237A6C94-3593-4025-B39D-3846085A579D}.Debug|Any CPU.ActiveCfg = Debug|Any CPU
		{237A6C94-3593-4025-B39D-3846085A579D}.Debug|Any CPU.Build.0 = Debug|Any CPU
		{237A6C94-3593-4025-B39D-3846085A579D}.Release|Any CPU.ActiveCfg = Release|Any CPU
		{237A6C94-3593-4025-B39D-3846085A579D}.Release|Any CPU.Build.0 = Release|Any CPU
		{520C0486-A09E-4593-81DF-DF407B9A0CD1}.Debug|Any CPU.ActiveCfg = Debug|Any CPU
		{520C0486-A09E-4593-81DF-DF407B9A0CD1}.Debug|Any CPU.Build.0 = Debug|Any CPU
		{520C0486-A09E-4593-81DF-DF407B9A0CD1}.Release|Any CPU.ActiveCfg = Release|Any CPU
		{520C0486-A09E-4593-81DF-DF407B9A0CD1}.Release|Any CPU.Build.0 = Release|Any CPU
	EndGlobalSection
	GlobalSection(SolutionProperties) = preSolution
		HideSolutionNode = FALSE
	EndGlobalSection
	GlobalSection(ExtensibilityGlobals) = postSolution
		SolutionGuid = {866B0F0D-95B9-45EF-983B-37661160FA3F}
	EndGlobalSection
EndGlobal
